
Microsoft Visual Studio Solution File, Format Version 12.00
# Visual Studio Version 17
VisualStudioVersion = 17.10.35027.167
MinimumVisualStudioVersion = 10.0.40219.1
Project("{FAE04EC0-301F-11D3-BF4B-00C04F79EFBC}") = "Minecraft Multiplayer Host", "Minecraft Multiplayer Host\Minecraft Multiplayer Host.csproj", "{9444C312-6030-4200-B88E-C08D174E403A}"
EndProject
Global
	GlobalSection(SolutionConfigurationPlatforms) = preSolution
		Debug|Any CPU = Debug|Any CPU
		Release|Any CPU = Release|Any CPU
	EndGlobalSection
	GlobalSection(ProjectConfigurationPlatforms) = postSolution
		{9444C312-6030-4200-B88E-C08D174E403A}.Debug|Any CPU.ActiveCfg = Debug|Any CPU
		{9444C312-6030-4200-B88E-C08D174E403A}.Debug|Any CPU.Build.0 = Debug|Any CPU
		{9444C312-6030-4200-B88E-C08D174E403A}.Release|Any CPU.ActiveCfg = Release|Any CPU
		{9444C312-6030-4200-B88E-C08D174E403A}.Release|Any CPU.Build.0 = Release|Any CPU
	EndGlobalSection
	GlobalSection(SolutionProperties) = preSolution
		HideSolutionNode = FALSE
	EndGlobalSection
	GlobalSection(ExtensibilityGlobals) = postSolution
		SolutionGuid = {E004AF25-D1F6-41A6-BEF3-72389D1734EC}
	EndGlobalSection
EndGlobal
